Microsoft Visual Studio Solution File, Format Version 12.00
# Visual Studio 2012
Project("{FAE04EC0-301F-11D3-BF4B-00C04F79EFBC}") = "Shopping Wars", "Shopping Wars.csproj", "{65F3BE3B-42CF-4BE1-B7A8-6A4B5DFD996A}"
EndProject
Global
	GlobalSection(SolutionConfigurationPlatforms) = preSolution
	Debug|Any CPU = Debug|Any CPU
	ExportDebug|Any CPU = ExportDebug|Any CPU
	ExportRelease|Any CPU = ExportRelease|Any CPU
	EndGlobalSection
	GlobalSection(ProjectConfigurationPlatforms) = postSolution
		{65F3BE3B-42CF-4BE1-B7A8-6A4B5DFD996A}.Debug|Any CPU.ActiveCfg = Debug|Any CPU
		{65F3BE3B-42CF-4BE1-B7A8-6A4B5DFD996A}.Debug|Any CPU.Build.0 = Debug|Any CPU
		{65F3BE3B-42CF-4BE1-B7A8-6A4B5DFD996A}.ExportDebug|Any CPU.ActiveCfg = ExportDebug|Any CPU
		{65F3BE3B-42CF-4BE1-B7A8-6A4B5DFD996A}.ExportDebug|Any CPU.Build.0 = ExportDebug|Any CPU
		{65F3BE3B-42CF-4BE1-B7A8-6A4B5DFD996A}.ExportRelease|Any CPU.ActiveCfg = ExportRelease|Any CPU
		{65F3BE3B-42CF-4BE1-B7A8-6A4B5DFD996A}.ExportRelease|Any CPU.Build.0 = ExportRelease|Any CPU
	EndGlobalSection
EndGlobal
